// !$*UTF8*$!
{
	archiveVersion = 1;
	classes = {
	};
	objectVersion = 48;
	objects = {

/* Begin PBXBuildFile section */
		5022DE781F9DF0B70085F20E /* Records.framework in Frameworks */ = {isa = PBXBuildFile; fileRef = 50E3EE8B1F9A54EA002722A0 /* Records.framework */; };
		502BAA8D1FAB3CAF0044070C /* Aggregate.swift in Sources */ = {isa = PBXBuildFile; fileRef = 502BAA8C1FAB3CAF0044070C /* Aggregate.swift */; };
		5050A09C1FA71F64005B2F34 /* Events.json in Resources */ = {isa = PBXBuildFile; fileRef = 50B7924A1FA36298006F0F5B /* Events.json */; };
		5050A09D1FA71F64005B2F34 /* Parties.json in Resources */ = {isa = PBXBuildFile; fileRef = 50B7924B1FA362AA006F0F5B /* Parties.json */; };
		5050A09F1FA7210A005B2F34 /* QueryTests.swift in Sources */ = {isa = PBXBuildFile; fileRef = 5050A09E1FA7210A005B2F34 /* QueryTests.swift */; };
		506FB34D2091CE79006CE5FE /* Utilities.swift in Sources */ = {isa = PBXBuildFile; fileRef = 506FB34C2091CE79006CE5FE /* Utilities.swift */; };
		507AADB420B812E200F04CEB /* Recordable.swift in Sources */ = {isa = PBXBuildFile; fileRef = 507AADB320B812E200F04CEB /* Recordable.swift */; };
		50A30F1720971DC1007103A8 /* ManagedObject.Query.stencil in Resources */ = {isa = PBXBuildFile; fileRef = 506DFAF51F9C929400C793BA /* ManagedObject.Query.stencil */; };
		50B4FB9B1FA6FD6D0086439D /* Storage.swift in Sources */ = {isa = PBXBuildFile; fileRef = 50DD8BB61F9B18AF0075E16E /* Storage.swift */; };
		50B4FBA11FA70E490086439D /* PerformanceTests.swift in Sources */ = {isa = PBXBuildFile; fileRef = 50B4FBA01FA70E490086439D /* PerformanceTests.swift */; };
		50B4FBA31FA70F480086439D /* PartyTests.swift in Sources */ = {isa = PBXBuildFile; fileRef = 50B4FBA21FA70F480086439D /* PartyTests.swift */; };
		50DD8BC91F9B19A70075E16E /* Event.swift in Sources */ = {isa = PBXBuildFile; fileRef = 50E3EEB41F9A58E0002722A0 /* Event.swift */; };
		50DD8BCA1F9B19A70075E16E /* Performer.swift in Sources */ = {isa = PBXBuildFile; fileRef = 50E3EEB81F9A58E0002722A0 /* Performer.swift */; };
		50DD8BCB1F9B19A70075E16E /* Party.swift in Sources */ = {isa = PBXBuildFile; fileRef = 50E3EEB51F9A58E0002722A0 /* Party.swift */; };
		50DD8BCD1F9B19A70075E16E /* Performance.swift in Sources */ = {isa = PBXBuildFile; fileRef = 50E3EEB61F9A58E0002722A0 /* Performance.swift */; };
		50DD8BCF1F9B1A360075E16E /* Database.framework in Frameworks */ = {isa = PBXBuildFile; fileRef = 50DD8BBD1F9B198E0075E16E /* Database.framework */; };
		50DD8BD01F9B1B060075E16E /* Model.xcdatamodeld in Sources */ = {isa = PBXBuildFile; fileRef = 50E3EEAF1F9A58D0002722A0 /* Model.xcdatamodeld */; };
		50E3EE9B1F9A5826002722A0 /* Fetchable.swift in Sources */ = {isa = PBXBuildFile; fileRef = 50E3EE961F9A5826002722A0 /* Fetchable.swift */; };
		50E3EE9C1F9A5826002722A0 /* FetchedResultsController.swift in Sources */ = {isa = PBXBuildFile; fileRef = 50E3EE971F9A5826002722A0 /* FetchedResultsController.swift */; };
		50E3EE9D1F9A5826002722A0 /* FetchedResultsControllerDelegate.swift in Sources */ = {isa = PBXBuildFile; fileRef = 50E3EE981F9A5826002722A0 /* FetchedResultsControllerDelegate.swift */; };
		50E3EE9E1F9A5826002722A0 /* QueryGenerator.swift in Sources */ = {isa = PBXBuildFile; fileRef = 50E3EE991F9A5826002722A0 /* QueryGenerator.swift */; };
		50E3EE9F1F9A5826002722A0 /* FetchedResultsControllerDatasource.swift in Sources */ = {isa = PBXBuildFile; fileRef = 50E3EE9A1F9A5826002722A0 /* FetchedResultsControllerDatasource.swift */; };
		50E3EEA91F9A5861002722A0 /* Records.framework in Frameworks */ = {isa = PBXBuildFile; fileRef = 50E3EE8B1F9A54EA002722A0 /* Records.framework */; };
		50E3EED61F9A5C21002722A0 /* PerformerTests.swift in Sources */ = {isa = PBXBuildFile; fileRef = 50E3EECD1F9A5C21002722A0 /* PerformerTests.swift */; };
		50F0A94B20CBDE23005DC744 /* AggregateTests.swift in Sources */ = {isa = PBXBuildFile; fileRef = 50F0A94A20CBDE23005DC744 /* AggregateTests.swift */; };
		50F0A94D20CBF173005DC744 /* FetchedResultsControllerTests.swift in Sources */ = {isa = PBXBuildFile; fileRef = 50F0A94C20CBF173005DC744 /* FetchedResultsControllerTests.swift */; };
		50F0A95720CBF57A005DC744 /* DataBuilder.swift in Sources */ = {isa = PBXBuildFile; fileRef = 50F0A95620CBF57A005DC744 /* DataBuilder.swift */; };
		50F0A95B20CBF672005DC744 /* Performances.json in Resources */ = {isa = PBXBuildFile; fileRef = 5014DDE21F9B2CFE00734A40 /* Performances.json */; };
		50F0A95C20CBF771005DC744 /* Performances.json in Resources */ = {isa = PBXBuildFile; fileRef = 5014DDE21F9B2CFE00734A40 /* Performances.json */; };
		50F0A95D20CBF771005DC744 /* Events.json in Resources */ = {isa = PBXBuildFile; fileRef = 50B7924A1FA36298006F0F5B /* Events.json */; };
		50F0A95E20CBF771005DC744 /* Parties.json in Resources */ = {isa = PBXBuildFile; fileRef = 50B7924B1FA362AA006F0F5B /* Parties.json */; };
/* End PBXBuildFile section */

/* Begin PBXContainerItemProxy section */
		50E3EEAA1F9A5861002722A0 /* PBXContainerItemProxy */ = {
			isa = PBXContainerItemProxy;
			containerPortal = 50E3EE821F9A54EA002722A0 /* Project object */;
			proxyType = 1;
			remoteGlobalIDString = 50E3EE8A1F9A54EA002722A0;
			remoteInfo = Records;
		};
/* End PBXContainerItemProxy section */

/* Begin PBXFileReference section */
		5014DDE21F9B2CFE00734A40 /* Performances.json */ = {isa = PBXFileReference; fileEncoding = 4; lastKnownFileType = text.json; path = Performances.json; sourceTree = "<group>"; };
		502BAA8C1FAB3CAF0044070C /* Aggregate.swift */ = {isa = PBXFileReference; fileEncoding = 4; lastKnownFileType = sourcecode.swift; path = Aggregate.swift; sourceTree = "<group>"; };
		5050A09E1FA7210A005B2F34 /* QueryTests.swift */ = {isa = PBXFileReference; lastKnownFileType = sourcecode.swift; path = QueryTests.swift; sourceTree = "<group>"; };
		506465A31FAA888B00A59F11 /* README.md */ = {isa = PBXFileReference; lastKnownFileType = net.daringfireball.markdown; path = README.md; sourceTree = "<group>"; };
		506DFAF51F9C929400C793BA /* ManagedObject.Query.stencil */ = {isa = PBXFileReference; lastKnownFileType = text; path = ManagedObject.Query.stencil; sourceTree = "<group>"; };
		506FB34C2091CE79006CE5FE /* Utilities.swift */ = {isa = PBXFileReference; lastKnownFileType = sourcecode.swift; path = Utilities.swift; sourceTree = "<group>"; };
		507AADB320B812E200F04CEB /* Recordable.swift */ = {isa = PBXFileReference; lastKnownFileType = sourcecode.swift; path = Recordable.swift; sourceTree = "<group>"; };
		50B4FBA01FA70E490086439D /* PerformanceTests.swift */ = {isa = PBXFileReference; lastKnownFileType = sourcecode.swift; path = PerformanceTests.swift; sourceTree = "<group>"; };
		50B4FBA21FA70F480086439D /* PartyTests.swift */ = {isa = PBXFileReference; lastKnownFileType = sourcecode.swift; path = PartyTests.swift; sourceTree = "<group>"; };
		50B7924A1FA36298006F0F5B /* Events.json */ = {isa = PBXFileReference; lastKnownFileType = text.json; path = Events.json; sourceTree = "<group>"; };
		50B7924B1FA362AA006F0F5B /* Parties.json */ = {isa = PBXFileReference; lastKnownFileType = text.json; path = Parties.json; sourceTree = "<group>"; };
		50DD8BB61F9B18AF0075E16E /* Storage.swift */ = {isa = PBXFileReference; fileEncoding = 4; lastKnownFileType = sourcecode.swift; path = Storage.swift; sourceTree = "<group>"; };
		50DD8BBD1F9B198E0075E16E /* Database.framework */ = {isa = PBXFileReference; explicitFileType = wrapper.framework; includeInIndex = 0; path = Database.framework; sourceTree = BUILT_PRODUCTS_DIR; };
		50E3EE8B1F9A54EA002722A0 /* Records.framework */ = {isa = PBXFileReference; explicitFileType = wrapper.framework; includeInIndex = 0; path = Records.framework; sourceTree = BUILT_PRODUCTS_DIR; };
		50E3EE961F9A5826002722A0 /* Fetchable.swift */ = {isa = PBXFileReference; lastKnownFileType = sourcecode.swift; path = Fetchable.swift; sourceTree = "<group>"; };
		50E3EE971F9A5826002722A0 /* FetchedResultsController.swift */ = {isa = PBXFileReference; lastKnownFileType = sourcecode.swift; path = FetchedResultsController.swift; sourceTree = "<group>"; };
		50E3EE981F9A5826002722A0 /* FetchedResultsControllerDelegate.swift */ = {isa = PBXFileReference; lastKnownFileType = sourcecode.swift; path = FetchedResultsControllerDelegate.swift; sourceTree = "<group>"; };
		50E3EE991F9A5826002722A0 /* QueryGenerator.swift */ = {isa = PBXFileReference; lastKnownFileType = sourcecode.swift; path = QueryGenerator.swift; sourceTree = "<group>"; };
		50E3EE9A1F9A5826002722A0 /* FetchedResultsControllerDatasource.swift */ = {isa = PBXFileReference; lastKnownFileType = sourcecode.swift; path = FetchedResultsControllerDatasource.swift; sourceTree = "<group>"; };
		50E3EEA41F9A5861002722A0 /* RecordsTests.xctest */ = {isa = PBXFileReference; explicitFileType = wrapper.cfbundle; includeInIndex = 0; path = RecordsTests.xctest; sourceTree = BUILT_PRODUCTS_DIR; };
		50E3EEB01F9A58D0002722A0 /* Model.xcdatamodel */ = {isa = PBXFileReference; lastKnownFileType = wrapper.xcdatamodel; path = Model.xcdatamodel; sourceTree = "<group>"; };
		50E3EEB41F9A58E0002722A0 /* Event.swift */ = {isa = PBXFileReference; lastKnownFileType = sourcecode.swift; path = Event.swift; sourceTree = "<group>"; };
		50E3EEB51F9A58E0002722A0 /* Party.swift */ = {isa = PBXFileReference; lastKnownFileType = sourcecode.swift; path = Party.swift; sourceTree = "<group>"; };
		50E3EEB61F9A58E0002722A0 /* Performance.swift */ = {isa = PBXFileReference; lastKnownFileType = sourcecode.swift; path = Performance.swift; sourceTree = "<group>"; };
		50E3EEB81F9A58E0002722A0 /* Performer.swift */ = {isa = PBXFileReference; lastKnownFileType = sourcecode.swift; path = Performer.swift; sourceTree = "<group>"; };
		50E3EECD1F9A5C21002722A0 /* PerformerTests.swift */ = {isa = PBXFileReference; lastKnownFileType = sourcecode.swift; path = PerformerTests.swift; sourceTree = "<group>"; };
		50F0A94A20CBDE23005DC744 /* AggregateTests.swift */ = {isa = PBXFileReference; lastKnownFileType = sourcecode.swift; path = AggregateTests.swift; sourceTree = "<group>"; };
		50F0A94C20CBF173005DC744 /* FetchedResultsControllerTests.swift */ = {isa = PBXFileReference; lastKnownFileType = sourcecode.swift; path = FetchedResultsControllerTests.swift; sourceTree = "<group>"; };
		50F0A95620CBF57A005DC744 /* DataBuilder.swift */ = {isa = PBXFileReference; lastKnownFileType = sourcecode.swift; path = DataBuilder.swift; sourceTree = "<group>"; };
		50FC269D20925DCF00F2AC02 /* README.md */ = {isa = PBXFileReference; lastKnownFileType = net.daringfireball.markdown; path = README.md; sourceTree = "<group>"; };
/* End PBXFileReference section */

/* Begin PBXFrameworksBuildPhase section */
		50DD8BB91F9B198E0075E16E /* Frameworks */ = {
			isa = PBXFrameworksBuildPhase;
			buildActionMask = 2147483647;
			files = (
				5022DE781F9DF0B70085F20E /* Records.framework in Frameworks */,
			);
			runOnlyForDeploymentPostprocessing = 0;
		};
		50E3EE871F9A54EA002722A0 /* Frameworks */ = {
			isa = PBXFrameworksBuildPhase;
			buildActionMask = 2147483647;
			files = (
			);
			runOnlyForDeploymentPostprocessing = 0;
		};
		50E3EEA11F9A5861002722A0 /* Frameworks */ = {
			isa = PBXFrameworksBuildPhase;
			buildActionMask = 2147483647;
			files = (
				50DD8BCF1F9B1A360075E16E /* Database.framework in Frameworks */,
				50E3EEA91F9A5861002722A0 /* Records.framework in Frameworks */,
			);
			runOnlyForDeploymentPostprocessing = 0;
		};
/* End PBXFrameworksBuildPhase section */

/* Begin PBXGroup section */
		506DFAF11F9C911C00C793BA /* Templates */ = {
			isa = PBXGroup;
			children = (
				506DFAF51F9C929400C793BA /* ManagedObject.Query.stencil */,
			);
			path = Templates;
			sourceTree = "<group>";
		};
		50809F681F9B5B72006D53C1 /* JSON */ = {
			isa = PBXGroup;
			children = (
				506465A31FAA888B00A59F11 /* README.md */,
				5014DDE21F9B2CFE00734A40 /* Performances.json */,
				50B7924A1FA36298006F0F5B /* Events.json */,
				50B7924B1FA362AA006F0F5B /* Parties.json */,
			);
			path = JSON;
			sourceTree = "<group>";
		};
		50DD8BBE1F9B198E0075E16E /* Database */ = {
			isa = PBXGroup;
			children = (
				50E3EEAF1F9A58D0002722A0 /* Model.xcdatamodeld */,
				50E3EEB41F9A58E0002722A0 /* Event.swift */,
				50E3EEB51F9A58E0002722A0 /* Party.swift */,
				50E3EEB81F9A58E0002722A0 /* Performer.swift */,
				50E3EEB61F9A58E0002722A0 /* Performance.swift */,
				50809F681F9B5B72006D53C1 /* JSON */,
				506DFAF11F9C911C00C793BA /* Templates */,
			);
			path = Database;
			sourceTree = "<group>";
		};
		50E3EE811F9A54EA002722A0 = {
			isa = PBXGroup;
			children = (
				50FC269D20925DCF00F2AC02 /* README.md */,
				50E3EE8D1F9A54EA002722A0 /* Records */,
				50E3EEA51F9A5861002722A0 /* RecordsTests */,
				50DD8BBE1F9B198E0075E16E /* Database */,
				50E3EE8C1F9A54EA002722A0 /* Products */,
			);
			sourceTree = "<group>";
		};
		50E3EE8C1F9A54EA002722A0 /* Products */ = {
			isa = PBXGroup;
			children = (
				50E3EE8B1F9A54EA002722A0 /* Records.framework */,
				50E3EEA41F9A5861002722A0 /* RecordsTests.xctest */,
				50DD8BBD1F9B198E0075E16E /* Database.framework */,
			);
			name = Products;
			sourceTree = "<group>";
		};
		50E3EE8D1F9A54EA002722A0 /* Records */ = {
			isa = PBXGroup;
			children = (
				50E3EE961F9A5826002722A0 /* Fetchable.swift */,
				50E3EE991F9A5826002722A0 /* QueryGenerator.swift */,
				507AADB320B812E200F04CEB /* Recordable.swift */,
				502BAA8C1FAB3CAF0044070C /* Aggregate.swift */,
				50E3EE971F9A5826002722A0 /* FetchedResultsController.swift */,
				50E3EE9A1F9A5826002722A0 /* FetchedResultsControllerDatasource.swift */,
				50E3EE981F9A5826002722A0 /* FetchedResultsControllerDelegate.swift */,
				506FB34C2091CE79006CE5FE /* Utilities.swift */,
			);
			path = Records;
			sourceTree = "<group>";
		};
		50E3EEA51F9A5861002722A0 /* RecordsTests */ = {
			isa = PBXGroup;
			children = (
				50E3EECD1F9A5C21002722A0 /* PerformerTests.swift */,
				50B4FBA01FA70E490086439D /* PerformanceTests.swift */,
				50B4FBA21FA70F480086439D /* PartyTests.swift */,
				50DD8BB61F9B18AF0075E16E /* Storage.swift */,
				5050A09E1FA7210A005B2F34 /* QueryTests.swift */,
				50F0A94A20CBDE23005DC744 /* AggregateTests.swift */,
				50F0A95620CBF57A005DC744 /* DataBuilder.swift */,
				50F0A94C20CBF173005DC744 /* FetchedResultsControllerTests.swift */,
			);
			path = RecordsTests;
			sourceTree = "<group>";
		};
/* End PBXGroup section */

/* Begin PBXHeadersBuildPhase section */
		50DD8BBA1F9B198E0075E16E /* Headers */ = {
			isa = PBXHeadersBuildPhase;
			buildActionMask = 2147483647;
			files = (
			);
			runOnlyForDeploymentPostprocessing = 0;
		};
		50E3EE881F9A54EA002722A0 /* Headers */ = {
			isa = PBXHeadersBuildPhase;
			buildActionMask = 2147483647;
			files = (
			);
			runOnlyForDeploymentPostprocessing = 0;
		};
/* End PBXHeadersBuildPhase section */

/* Begin PBXNativeTarget section */
		50DD8BBC1F9B198E0075E16E /* Database */ = {
			isa = PBXNativeTarget;
			buildConfigurationList = 50DD8BC61F9B198E0075E16E /* Build configuration list for PBXNativeTarget "Database" */;
			buildPhases = (
				506DFAEE1F9C90AB00C793BA /* Sourcery Script */,
				50DD8BB81F9B198E0075E16E /* Sources */,
				50DD8BB91F9B198E0075E16E /* Frameworks */,
				50DD8BBA1F9B198E0075E16E /* Headers */,
				50DD8BBB1F9B198E0075E16E /* Resources */,
			);
			buildRules = (
			);
			dependencies = (
			);
			name = Database;
			productName = Database;
			productReference = 50DD8BBD1F9B198E0075E16E /* Database.framework */;
			productType = "com.apple.product-type.framework";
		};
		50E3EE8A1F9A54EA002722A0 /* Records */ = {
			isa = PBXNativeTarget;
			buildConfigurationList = 50E3EE931F9A54EA002722A0 /* Build configuration list for PBXNativeTarget "Records" */;
			buildPhases = (
				50E3EE861F9A54EA002722A0 /* Sources */,
				50E3EE871F9A54EA002722A0 /* Frameworks */,
				50E3EE881F9A54EA002722A0 /* Headers */,
				50E3EE891F9A54EA002722A0 /* Resources */,
			);
			buildRules = (
			);
			dependencies = (
			);
			name = Records;
			productName = Records;
			productReference = 50E3EE8B1F9A54EA002722A0 /* Records.framework */;
			productType = "com.apple.product-type.framework";
		};
		50E3EEA31F9A5861002722A0 /* RecordsTests */ = {
			isa = PBXNativeTarget;
			buildConfigurationList = 50E3EEAC1F9A5861002722A0 /* Build configuration list for PBXNativeTarget "RecordsTests" */;
			buildPhases = (
				50E3EEA01F9A5861002722A0 /* Sources */,
				50E3EEA11F9A5861002722A0 /* Frameworks */,
				50E3EEA21F9A5861002722A0 /* Resources */,
			);
			buildRules = (
			);
			dependencies = (
				50E3EEAB1F9A5861002722A0 /* PBXTargetDependency */,
			);
			name = RecordsTests;
			productName = RecordsTests;
			productReference = 50E3EEA41F9A5861002722A0 /* RecordsTests.xctest */;
			productType = "com.apple.product-type.bundle.unit-test";
		};
/* End PBXNativeTarget section */

/* Begin PBXProject section */
		50E3EE821F9A54EA002722A0 /* Project object */ = {
			isa = PBXProject;
			attributes = {
				LastSwiftUpdateCheck = 0900;
				LastUpgradeCheck = 0930;
				ORGANIZATIONNAME = "Robert Nash";
				TargetAttributes = {
					50DD8BBC1F9B198E0075E16E = {
						CreatedOnToolsVersion = 9.0.1;
						ProvisioningStyle = Automatic;
					};
					50E3EE8A1F9A54EA002722A0 = {
						CreatedOnToolsVersion = 9.0;
						LastSwiftMigration = 0900;
						ProvisioningStyle = Automatic;
					};
					50E3EEA31F9A5861002722A0 = {
						CreatedOnToolsVersion = 9.0;
						ProvisioningStyle = Automatic;
					};
				};
			};
			buildConfigurationList = 50E3EE851F9A54EA002722A0 /* Build configuration list for PBXProject "Records" */;
			compatibilityVersion = "Xcode 8.0";
			developmentRegion = en;
			hasScannedForEncodings = 0;
			knownRegions = (
				en,
				Base,
			);
			mainGroup = 50E3EE811F9A54EA002722A0;
			productRefGroup = 50E3EE8C1F9A54EA002722A0 /* Products */;
			projectDirPath = "";
			projectRoot = "";
			targets = (
				50E3EE8A1F9A54EA002722A0 /* Records */,
				50E3EEA31F9A5861002722A0 /* RecordsTests */,
				50DD8BBC1F9B198E0075E16E /* Database */,
			);
		};
/* End PBXProject section */

/* Begin PBXResourcesBuildPhase section */
		50DD8BBB1F9B198E0075E16E /* Resources */ = {
			isa = PBXResourcesBuildPhase;
			buildActionMask = 2147483647;
			files = (
				50F0A95B20CBF672005DC744 /* Performances.json in Resources */,
				5050A09C1FA71F64005B2F34 /* Events.json in Resources */,
				5050A09D1FA71F64005B2F34 /* Parties.json in Resources */,
			);
			runOnlyForDeploymentPostprocessing = 0;
		};
		50E3EE891F9A54EA002722A0 /* Resources */ = {
			isa = PBXResourcesBuildPhase;
			buildActionMask = 2147483647;
			files = (
				50A30F1720971DC1007103A8 /* ManagedObject.Query.stencil in Resources */,
			);
			runOnlyForDeploymentPostprocessing = 0;
		};
		50E3EEA21F9A5861002722A0 /* Resources */ = {
			isa = PBXResourcesBuildPhase;
			buildActionMask = 2147483647;
			files = (
				50F0A95C20CBF771005DC744 /* Performances.json in Resources */,
				50F0A95D20CBF771005DC744 /* Events.json in Resources */,
				50F0A95E20CBF771005DC744 /* Parties.json in Resources */,
			);
			runOnlyForDeploymentPostprocessing = 0;
		};
/* End PBXResourcesBuildPhase section */

/* Begin PBXShellScriptBuildPhase section */
		506DFAEE1F9C90AB00C793BA /* Sourcery Script */ = {
			isa = PBXShellScriptBuildPhase;
			buildActionMask = 2147483647;
			files = (
			);
			inputPaths = (
			);
			name = "Sourcery Script";
			outputPaths = (
			);
			runOnlyForDeploymentPostprocessing = 0;
			shellPath = /bin/sh;
			shellScript = "./Resources/sourcery/bin/sourcery --sources ./Database --sources ./Records --templates ./Database/Templates/";
		};
/* End PBXShellScriptBuildPhase section */

/* Begin PBXSourcesBuildPhase section */
		50DD8BB81F9B198E0075E16E /* Sources */ = {
			isa = PBXSourcesBuildPhase;
			buildActionMask = 2147483647;
			files = (
				50DD8BCA1F9B19A70075E16E /* Performer.swift in Sources */,
				50DD8BCD1F9B19A70075E16E /* Performance.swift in Sources */,
				50DD8BCB1F9B19A70075E16E /* Party.swift in Sources */,
				50DD8BC91F9B19A70075E16E /* Event.swift in Sources */,
				50DD8BD01F9B1B060075E16E /* Model.xcdatamodeld in Sources */,
			);
			runOnlyForDeploymentPostprocessing = 0;
		};
		50E3EE861F9A54EA002722A0 /* Sources */ = {
			isa = PBXSourcesBuildPhase;
			buildActionMask = 2147483647;
			files = (
				507AADB420B812E200F04CEB /* Recordable.swift in Sources */,
				502BAA8D1FAB3CAF0044070C /* Aggregate.swift in Sources */,
				50E3EE9E1F9A5826002722A0 /* QueryGenerator.swift in Sources */,
				506FB34D2091CE79006CE5FE /* Utilities.swift in Sources */,
				50E3EE9C1F9A5826002722A0 /* FetchedResultsController.swift in Sources */,
				50E3EE9D1F9A5826002722A0 /* FetchedResultsControllerDelegate.swift in Sources */,
				50E3EE9B1F9A5826002722A0 /* Fetchable.swift in Sources */,
				50E3EE9F1F9A5826002722A0 /* FetchedResultsControllerDatasource.swift in Sources */,
			);
			runOnlyForDeploymentPostprocessing = 0;
		};
		50E3EEA01F9A5861002722A0 /* Sources */ = {
			isa = PBXSourcesBuildPhase;
			buildActionMask = 2147483647;
			files = (
				50F0A95720CBF57A005DC744 /* DataBuilder.swift in Sources */,
				50E3EED61F9A5C21002722A0 /* PerformerTests.swift in Sources */,
				50F0A94D20CBF173005DC744 /* FetchedResultsControllerTests.swift in Sources */,
				50B4FBA11FA70E490086439D /* PerformanceTests.swift in Sources */,
				5050A09F1FA7210A005B2F34 /* QueryTests.swift in Sources */,
				50B4FBA31FA70F480086439D /* PartyTests.swift in Sources */,
				50B4FB9B1FA6FD6D0086439D /* Storage.swift in Sources */,
				50F0A94B20CBDE23005DC744 /* AggregateTests.swift in Sources */,
			);
			runOnlyForDeploymentPostprocessing = 0;
		};
/* End PBXSourcesBuildPhase section */

/* Begin PBXTargetDependency section */
		50E3EEAB1F9A5861002722A0 /* PBXTargetDependency */ = {
			isa = PBXTargetDependency;
			target = 50E3EE8A1F9A54EA002722A0 /* Records */;
			targetProxy = 50E3EEAA1F9A5861002722A0 /* PBXContainerItemProxy */;
		};
/* End PBXTargetDependency section */

/* Begin XCBuildConfiguration section */
		50DD8BC71F9B198E0075E16E /* Debug */ = {
			isa = XCBuildConfiguration;
			buildSettings = {
				CODE_SIGN_IDENTITY = "";
				CODE_SIGN_STYLE = Automatic;
				DEFINES_MODULE = YES;
				DYLIB_COMPATIBILITY_VERSION = 1;
				DYLIB_CURRENT_VERSION = 1;
				DYLIB_INSTALL_NAME_BASE = "@rpath";
				INFOPLIST_FILE = Configs/DatabaseInfo.plist;
				INSTALL_PATH = "$(LOCAL_LIBRARY_DIR)/Frameworks";
				LD_RUNPATH_SEARCH_PATHS = "$(inherited) @executable_path/Frameworks @loader_path/Frameworks";
				PRODUCT_BUNDLE_IDENTIFIER = com.robertnash.Database;
				PRODUCT_NAME = "$(TARGET_NAME:c99extidentifier)";
				SKIP_INSTALL = YES;
				SWIFT_VERSION = 4.0;
				TARGETED_DEVICE_FAMILY = "1,2";
			};
			name = Debug;
		};
		50DD8BC81F9B198E0075E16E /* Release */ = {
			isa = XCBuildConfiguration;
			buildSettings = {
				CODE_SIGN_IDENTITY = "";
				CODE_SIGN_STYLE = Automatic;
				DEFINES_MODULE = YES;
				DYLIB_COMPATIBILITY_VERSION = 1;
				DYLIB_CURRENT_VERSION = 1;
				DYLIB_INSTALL_NAME_BASE = "@rpath";
				INFOPLIST_FILE = Configs/DatabaseInfo.plist;
				INSTALL_PATH = "$(LOCAL_LIBRARY_DIR)/Frameworks";
				LD_RUNPATH_SEARCH_PATHS = "$(inherited) @executable_path/Frameworks @loader_path/Frameworks";
				PRODUCT_BUNDLE_IDENTIFIER = com.robertnash.Database;
				PRODUCT_NAME = "$(TARGET_NAME:c99extidentifier)";
				SKIP_INSTALL = YES;
				SWIFT_VERSION = 4.0;
				TARGETED_DEVICE_FAMILY = "1,2";
			};
			name = Release;
		};
		50E3EE911F9A54EA002722A0 /* Debug */ = {
			isa = XCBuildConfiguration;
			buildSettings = {
				ALWAYS_SEARCH_USER_PATHS = NO;
				CLANG_ANALYZER_NONNULL = YES;
				CLANG_ANALYZER_NUMBER_OBJECT_CONVERSION = YES_AGGRESSIVE;
				CLANG_CXX_LANGUAGE_STANDARD = "gnu++14";
				CLANG_CXX_LIBRARY = "libc++";
				CLANG_ENABLE_MODULES = YES;
				CLANG_ENABLE_OBJC_ARC = YES;
				CLANG_WARN_BLOCK_CAPTURE_AUTORELEASING = YES;
				CLANG_WARN_BOOL_CONVERSION = YES;
				CLANG_WARN_COMMA = YES;
				CLANG_WARN_CONSTANT_CONVERSION = YES;
				CLANG_WARN_DEPRECATED_OBJC_IMPLEMENTATIONS = YES;
				CLANG_WARN_DIRECT_OBJC_ISA_USAGE = YES_ERROR;
				CLANG_WARN_DOCUMENTATION_COMMENTS = YES;
				CLANG_WARN_EMPTY_BODY = YES;
				CLANG_WARN_ENUM_CONVERSION = YES;
				CLANG_WARN_INFINITE_RECURSION = YES;
				CLANG_WARN_INT_CONVERSION = YES;
				CLANG_WARN_NON_LITERAL_NULL_CONVERSION = YES;
				CLANG_WARN_OBJC_IMPLICIT_RETAIN_SELF = YES;
				CLANG_WARN_OBJC_LITERAL_CONVERSION = YES;
				CLANG_WARN_OBJC_ROOT_CLASS = YES_ERROR;
				CLANG_WARN_RANGE_LOOP_ANALYSIS = YES;
				CLANG_WARN_STRICT_PROTOTYPES = YES;
				CLANG_WARN_SUSPICIOUS_MOVE = YES;
				CLANG_WARN_UNGUARDED_AVAILABILITY = YES_AGGRESSIVE;
				CLANG_WARN_UNREACHABLE_CODE = YES;
				CLANG_WARN__DUPLICATE_METHOD_MATCH = YES;
				CODE_SIGN_IDENTITY = "iPhone Developer";
				COPY_PHASE_STRIP = NO;
				CURRENT_PROJECT_VERSION = 1;
				DEBUG_INFORMATION_FORMAT = dwarf;
				ENABLE_STRICT_OBJC_MSGSEND = YES;
				ENABLE_TESTABILITY = YES;
				GCC_C_LANGUAGE_STANDARD = gnu11;
				GCC_DYNAMIC_NO_PIC = NO;
				GCC_NO_COMMON_BLOCKS = YES;
				GCC_OPTIMIZATION_LEVEL = 0;
				GCC_PREPROCESSOR_DEFINITIONS = (
					"DEBUG=1",
					"$(inherited)",
				);
				GCC_WARN_64_TO_32_BIT_CONVERSION = YES;
				GCC_WARN_ABOUT_RETURN_TYPE = YES_ERROR;
				GCC_WARN_UNDECLARED_SELECTOR = YES;
				GCC_WARN_UNINITIALIZED_AUTOS = YES_AGGRESSIVE;
				GCC_WARN_UNUSED_FUNCTION = YES;
				GCC_WARN_UNUSED_VARIABLE = YES;
				IPHONEOS_DEPLOYMENT_TARGET = 11.0;
				MTL_ENABLE_DEBUG_INFO = YES;
				ONLY_ACTIVE_ARCH = YES;
				SDKROOT = iphoneos;
				SWIFT_ACTIVE_COMPILATION_CONDITIONS = DEBUG;
				SWIFT_OPTIMIZATION_LEVEL = "-Onone";
				VERSIONING_SYSTEM = "apple-generic";
				VERSION_INFO_PREFIX = "";
			};
			name = Debug;
		};
		50E3EE921F9A54EA002722A0 /* Release */ = {
			isa = XCBuildConfiguration;
			buildSettings = {
				ALWAYS_SEARCH_USER_PATHS = NO;
				CLANG_ANALYZER_NONNULL = YES;
				CLANG_ANALYZER_NUMBER_OBJECT_CONVERSION = YES_AGGRESSIVE;
				CLANG_CXX_LANGUAGE_STANDARD = "gnu++14";
				CLANG_CXX_LIBRARY = "libc++";
				CLANG_ENABLE_MODULES = YES;
				CLANG_ENABLE_OBJC_ARC = YES;
				CLANG_WARN_BLOCK_CAPTURE_AUTORELEASING = YES;
				CLANG_WARN_BOOL_CONVERSION = YES;
				CLANG_WARN_COMMA = YES;
				CLANG_WARN_CONSTANT_CONVERSION = YES;
				CLANG_WARN_DEPRECATED_OBJC_IMPLEMENTATIONS = YES;
				CLANG_WARN_DIRECT_OBJC_ISA_USAGE = YES_ERROR;
				CLANG_WARN_DOCUMENTATION_COMMENTS = YES;
				CLANG_WARN_EMPTY_BODY = YES;
				CLANG_WARN_ENUM_CONVERSION = YES;
				CLANG_WARN_INFINITE_RECURSION = YES;
				CLANG_WARN_INT_CONVERSION = YES;
				CLANG_WARN_NON_LITERAL_NULL_CONVERSION = YES;
				CLANG_WARN_OBJC_IMPLICIT_RETAIN_SELF = YES;
				CLANG_WARN_OBJC_LITERAL_CONVERSION = YES;
				CLANG_WARN_OBJC_ROOT_CLASS = YES_ERROR;
				CLANG_WARN_RANGE_LOOP_ANALYSIS = YES;
				CLANG_WARN_STRICT_PROTOTYPES = YES;
				CLANG_WARN_SUSPICIOUS_MOVE = YES;
				CLANG_WARN_UNGUARDED_AVAILABILITY = YES_AGGRESSIVE;
				CLANG_WARN_UNREACHABLE_CODE = YES;
				CLANG_WARN__DUPLICATE_METHOD_MATCH = YES;
				CODE_SIGN_IDENTITY = "iPhone Developer";
				COPY_PHASE_STRIP = NO;
				CURRENT_PROJECT_VERSION = 1;
				DEBUG_INFORMATION_FORMAT = "dwarf-with-dsym";
				ENABLE_NS_ASSERTIONS = NO;
				ENABLE_STRICT_OBJC_MSGSEND = YES;
				GCC_C_LANGUAGE_STANDARD = gnu11;
				GCC_NO_COMMON_BLOCKS = YES;
				GCC_WARN_64_TO_32_BIT_CONVERSION = YES;
				GCC_WARN_ABOUT_RETURN_TYPE = YES_ERROR;
				GCC_WARN_UNDECLARED_SELECTOR = YES;
				GCC_WARN_UNINITIALIZED_AUTOS = YES_AGGRESSIVE;
				GCC_WARN_UNUSED_FUNCTION = YES;
				GCC_WARN_UNUSED_VARIABLE = YES;
				IPHONEOS_DEPLOYMENT_TARGET = 11.0;
				MTL_ENABLE_DEBUG_INFO = NO;
				SDKROOT = iphoneos;
				SWIFT_OPTIMIZATION_LEVEL = "-Owholemodule";
				VALIDATE_PRODUCT = YES;
				VERSIONING_SYSTEM = "apple-generic";
				VERSION_INFO_PREFIX = "";
			};
			name = Release;
		};
		50E3EE941F9A54EA002722A0 /* Debug */ = {
			isa = XCBuildConfiguration;
			buildSettings = {
				CLANG_ENABLE_MODULES = YES;
				CODE_SIGN_IDENTITY = "";
				CODE_SIGN_STYLE = Automatic;
				DEFINES_MODULE = YES;
				DYLIB_COMPATIBILITY_VERSION = 1;
				DYLIB_CURRENT_VERSION = 1;
				DYLIB_INSTALL_NAME_BASE = "@rpath";
				INFOPLIST_FILE = Configs/RecordsInfo.plist;
				INSTALL_PATH = "$(LOCAL_LIBRARY_DIR)/Frameworks";
				IPHONEOS_DEPLOYMENT_TARGET = 10.0;
				LD_RUNPATH_SEARCH_PATHS = "$(inherited) @executable_path/Frameworks @loader_path/Frameworks";
				PRODUCT_BUNDLE_IDENTIFIER = com.robertnash.Records;
				PRODUCT_NAME = "$(TARGET_NAME:c99extidentifier)";
				SKIP_INSTALL = YES;
				SWIFT_OPTIMIZATION_LEVEL = "-Onone";
				SWIFT_VERSION = 4.0;
				TARGETED_DEVICE_FAMILY = "1,2";
			};
			name = Debug;
		};
		50E3EE951F9A54EA002722A0 /* Release */ = {
			isa = XCBuildConfiguration;
			buildSettings = {
				CLANG_ENABLE_MODULES = YES;
				CODE_SIGN_IDENTITY = "";
				CODE_SIGN_STYLE = Automatic;
				DEFINES_MODULE = YES;
				DYLIB_COMPATIBILITY_VERSION = 1;
				DYLIB_CURRENT_VERSION = 1;
				DYLIB_INSTALL_NAME_BASE = "@rpath";
				INFOPLIST_FILE = Configs/RecordsInfo.plist;
				INSTALL_PATH = "$(LOCAL_LIBRARY_DIR)/Frameworks";
				IPHONEOS_DEPLOYMENT_TARGET = 10.0;
				LD_RUNPATH_SEARCH_PATHS = "$(inherited) @executable_path/Frameworks @loader_path/Frameworks";
				PRODUCT_BUNDLE_IDENTIFIER = com.robertnash.Records;
				PRODUCT_NAME = "$(TARGET_NAME:c99extidentifier)";
				SKIP_INSTALL = YES;
				SWIFT_VERSION = 4.0;
				TARGETED_DEVICE_FAMILY = "1,2";
			};
			name = Release;
		};
		50E3EEAD1F9A5861002722A0 /* Debug */ = {
			isa = XCBuildConfiguration;
			buildSettings = {
				CODE_SIGN_STYLE = Automatic;
				INFOPLIST_FILE = Configs/RecordsTestsInfo.plist;
				LD_RUNPATH_SEARCH_PATHS = "$(inherited) @executable_path/Frameworks @loader_path/Frameworks";
				PRODUCT_BUNDLE_IDENTIFIER = com.robertnash.RecordsTests;
				PRODUCT_NAME = "$(TARGET_NAME)";
				SWIFT_VERSION = 4.0;
				TARGETED_DEVICE_FAMILY = "1,2";
			};
			name = Debug;
		};
		50E3EEAE1F9A5861002722A0 /* Release */ = {
			isa = XCBuildConfiguration;
			buildSettings = {
				CODE_SIGN_STYLE = Automatic;
				INFOPLIST_FILE = Configs/RecordsTestsInfo.plist;
				LD_RUNPATH_SEARCH_PATHS = "$(inherited) @executable_path/Frameworks @loader_path/Frameworks";
				PRODUCT_BUNDLE_IDENTIFIER = com.robertnash.RecordsTests;
				PRODUCT_NAME = "$(TARGET_NAME)";
				SWIFT_VERSION = 4.0;
				TARGETED_DEVICE_FAMILY = "1,2";
			};
			name = Release;
		};
/* End XCBuildConfiguration section */

/* Begin XCConfigurationList section */
		50DD8BC61F9B198E0075E16E /* Build configuration list for PBXNativeTarget "Database" */ = {
			isa = XCConfigurationList;
			buildConfigurations = (
				50DD8BC71F9B198E0075E16E /* Debug */,
				50DD8BC81F9B198E0075E16E /* Release */,
			);
			defaultConfigurationIsVisible = 0;
			defaultConfigurationName = Release;
		};
		50E3EE851F9A54EA002722A0 /* Build configuration list for PBXProject "Records" */ = {
			isa = XCConfigurationList;
			buildConfigurations = (
				50E3EE911F9A54EA002722A0 /* Debug */,
				50E3EE921F9A54EA002722A0 /* Release */,
			);
			defaultConfigurationIsVisible = 0;
			defaultConfigurationName = Release;
		};
		50E3EE931F9A54EA002722A0 /* Build configuration list for PBXNativeTarget "Records" */ = {
			isa = XCConfigurationList;
			buildConfigurations = (
				50E3EE941F9A54EA002722A0 /* Debug */,
				50E3EE951F9A54EA002722A0 /* Release */,
			);
			defaultConfigurationIsVisible = 0;
			defaultConfigurationName = Release;
		};
		50E3EEAC1F9A5861002722A0 /* Build configuration list for PBXNativeTarget "RecordsTests" */ = {
			isa = XCConfigurationList;
			buildConfigurations = (
				50E3EEAD1F9A5861002722A0 /* Debug */,
				50E3EEAE1F9A5861002722A0 /* Release */,
			);
			defaultConfigurationIsVisible = 0;
			defaultConfigurationName = Release;
		};
/* End XCConfigurationList section */

/* Begin XCVersionGroup section */
		50E3EEAF1F9A58D0002722A0 /* Model.xcdatamodeld */ = {
			isa = XCVersionGroup;
			children = (
				50E3EEB01F9A58D0002722A0 /* Model.xcdatamodel */,
			);
			currentVersion = 50E3EEB01F9A58D0002722A0 /* Model.xcdatamodel */;
			path = Model.xcdatamodeld;
			sourceTree = "<group>";
			versionGroupType = wrapper.xcdatamodel;
		};
/* End XCVersionGroup section */
	};
	rootObject = 50E3EE821F9A54EA002722A0 /* Project object */;
}
